
Microsoft Visual Studio Solution File, Format Version 12.00
# Visual Studio Version 17
VisualStudioVersion = 17.4.33213.308
MinimumVisualStudioVersion = 10.0.40219.1
Project("{FAE04EC0-301F-11D3-BF4B-00C04F79EFBC}") = "KeyvaultSecretsUpdater", "KeyvaultSecretsUpdater\KeyvaultSecretsUpdater.csproj", "{83B65839-57F5-4A34-8496-4C95FFE9F057}"
EndProject
Global
	GlobalSection(SolutionConfigurationPlatforms) = preSolution
		Debug|Any CPU = Debug|Any CPU
		Release|Any CPU = Release|Any CPU
	EndGlobalSection
	GlobalSection(ProjectConfigurationPlatforms) = postSolution
		{83B65839-57F5-4A34-8496-4C95FFE9F057}.Debug|Any CPU.ActiveCfg = Debug|Any CPU
		{83B65839-57F5-4A34-8496-4C95FFE9F057}.Debug|Any CPU.Build.0 = Debug|Any CPU
		{83B65839-57F5-4A34-8496-4C95FFE9F057}.Release|Any CPU.ActiveCfg = Release|Any CPU
		{83B65839-57F5-4A34-8496-4C95FFE9F057}.Release|Any CPU.Build.0 = Release|Any CPU
	EndGlobalSection
	GlobalSection(SolutionProperties) = preSolution
		HideSolutionNode = FALSE
	EndGlobalSection
	GlobalSection(ExtensibilityGlobals) = postSolution
		SolutionGuid = {80AFB6CC-93E4-4959-8D36-53663DC2C18A}
	EndGlobalSection
EndGlobal
